
Microsoft Visual Studio Solution File, Format Version 12.00
# Visual Studio Version 17
VisualStudioVersion = 17.5.33424.131
MinimumVisualStudioVersion = 10.0.40219.1
Project("{8BC9CEB8-8B4A-11D0-8D11-00A0C91BC942}") = "Step8", "Step8\Step8.vcxproj", "{6C6D5B08-2D2E-4250-88B4-32CD5D6EEC41}"
EndProject
Global
	GlobalSection(SolutionConfigurationPlatforms) = preSolution
		Debug|Win32 = Debug|Win32
		Debug|x64 = Debug|x64
		Release|Win32 = Release|Win32
		Release|x64 = Release|x64
	EndGlobalSection
	GlobalSection(ProjectConfigurationPlatforms) = postSolution
		{6C6D5B08-2D2E-4250-88B4-32CD5D6EEC41}.Debug|Win32.ActiveCfg = Debug|Win32
		{6C6D5B08-2D2E-4250-88B4-32CD5D6EEC41}.Debug|Win32.Build.0 = Debug|Win32
		{6C6D5B08-2D2E-4250-88B4-32CD5D6EEC41}.Debug|x64.ActiveCfg = Debug|x64
		{6C6D5B08-2D2E-4250-88B4-32CD5D6EEC41}.Debug|x64.Build.0 = Debug|x64
		{6C6D5B08-2D2E-4250-88B4-32CD5D6EEC41}.Release|Win32.ActiveCfg = Release|Win32
		{6C6D5B08-2D2E-4250-88B4-32CD5D6EEC41}.Release|Win32.Build.0 = Release|Win32
		{6C6D5B08-2D2E-4250-88B4-32CD5D6EEC41}.Release|x64.ActiveCfg = Release|x64
		{6C6D5B08-2D2E-4250-88B4-32CD5D6EEC41}.Release|x64.Build.0 = Release|x64
	EndGlobalSection
	GlobalSection(SolutionProperties) = preSolution
		HideSolutionNode = FALSE
	EndGlobalSection
	GlobalSection(ExtensibilityGlobals) = postSolution
		SolutionGuid = {CD9C192A-06B6-4B19-A95C-A5082A10C381}
	EndGlobalSection
EndGlobal
